
Microsoft Visual Studio Solution File, Format Version 12.00
# Visual Studio Version 17
VisualStudioVersion = 17.8.34511.84
MinimumVisualStudioVersion = 10.0.40219.1
Project("{FAE04EC0-301F-11D3-BF4B-00C04F79EFBC}") = "CSRandom", "CSRandom\CSRandom.csproj", "{F2EF21EE-33D7-4D96-908A-5C506211374C}"
EndProject
Global
	GlobalSection(SolutionConfigurationPlatforms) = preSolution
		Debug|Any CPU = Debug|Any CPU
		Release|Any CPU = Release|Any CPU
	EndGlobalSection
	GlobalSection(ProjectConfigurationPlatforms) = postSolution
		{F2EF21EE-33D7-4D96-908A-5C506211374C}.Debug|Any CPU.ActiveCfg = Debug|Any CPU
		{F2EF21EE-33D7-4D96-908A-5C506211374C}.Debug|Any CPU.Build.0 = Debug|Any CPU
		{F2EF21EE-33D7-4D96-908A-5C506211374C}.Release|Any CPU.ActiveCfg = Release|Any CPU
		{F2EF21EE-33D7-4D96-908A-5C506211374C}.Release|Any CPU.Build.0 = Release|Any CPU
	EndGlobalSection
	GlobalSection(SolutionProperties) = preSolution
		HideSolutionNode = FALSE
	EndGlobalSection
	GlobalSection(ExtensibilityGlobals) = postSolution
		SolutionGuid = {9D0ECCDC-DC60-44B8-939E-A6C1B70BE636}
	EndGlobalSection
EndGlobal
